[[package]]
name = "mlpe-logging"
version = "0.0.1"
description = "PE logging utilities"
category = "main"
optional = false
python-versions = ">=3.8,<3.11"
develop = true

[package.source]
type = "directory"
url = "../../../libs/logging"

[[package]]
name = "toml"
version = "0.10.2"
description = "Python Library for Tom's Obvious, Minimal Language"
category = "main"
optional = false
python-versions = ">=2.6, !=3.0.*, !=3.1.*, !=3.2.*"

[[package]]
name = "typeo"
version = "0.1.6"
description = "Utilities for running functions as scripts"
category = "main"
optional = false
python-versions = "^3.8"
develop = false

[package.dependencies]
toml = "^0.10.2"

[package.source]
type = "git"
url = "https://github.com/ML4GW/typeo.git"
reference = "HEAD"
resolved_reference = "bd2429d484a3c4c3d49bfab62811b57f905573f1"

[metadata]
lock-version = "1.1"
python-versions = ">=3.9,<3.11"
content-hash = "4ed94e447678c8cd7492a26d17c8c9253fd8eb7e82cede3ab63718dd988036fa"

[metadata.files]
mlpe-logging = []
toml = [
    {file = "toml-0.10.2-py2.py3-none-any.whl", hash = "sha256:806143ae5bfb6a3c6e736a764057db0e6a0e05e338b5630894a5f779cabb4f9b"},
    {file = "toml-0.10.2.tar.gz", hash = "sha256:b3bda1d108d5dd99f4a20d24d9c348e91c4db7ab1b749200bded2f839ccbe68f"},
]
typeo = []
