# This lock file was generated by conda-lock (https://github.com/conda/conda-lock). DO NOT EDIT!
#
# A "lock file" contains a concrete list of package versions (with checksums) to be installed. Unlike
# e.g. `conda env create`, the resulting environment will not change as new package versions become
# available, unless you explicitly update the lock file.
#
# Install this environment as "YOURENV" with:
#     conda-lock install -n YOURENV conda-lock.yml
# To update a single package to the latest version compatible with the version constraints in the source:
#     conda-lock lock  --lockfile conda-lock.yml --update PACKAGE
# To re-solve the entire environment, e.g. after changing a version constraint in the source file:
#     conda-lock -f environment.yaml --lockfile conda-lock.yml
version: 1
metadata:
  content_hash:
    linux-64: b2b6521d2131d2ed1e5ee416dd6dee5cf35962847f97db2cb23b472fb98ef793
  channels:
  - url: conda-forge
    used_env_vars: []
  platforms:
  - linux-64
  sources:
  - environment.yaml
package:
- name: _libgcc_mutex
  version: '0.1'
  manager: conda
  platform: linux-64
  dependencies: {}
  url: https://conda.anaconda.org/conda-forge/linux-64/_libgcc_mutex-0.1-conda_forge.tar.bz2
  hash:
    md5: d7c89558ba9fa0495403155b64376d81
    sha256: fe51de6107f9edc7aa4f786a70f4a883943bc9d39b3bb7307c04c41410990726
  category: main
  optional: false
- name: _openmp_mutex
  version: '4.5'
  manager: conda
  platform: linux-64
  dependencies:
    _libgcc_mutex: '0.1'
    libgomp: '>=7.5.0'
  url: https://conda.anaconda.org/conda-forge/linux-64/_openmp_mutex-4.5-2_gnu.tar.bz2
  hash:
    md5: 73aaf86a425cc6e73fcf236a5a46396d
    sha256: fbe2c5e56a653bebb982eda4876a9178aedfc2b545f25d0ce9c4c0b508253d22
  category: main
  optional: false
- name: brotli-python
  version: 1.1.0
  manager: conda
  platform: linux-64
  dependencies:
    __glibc: '>=2.17,<3.0.a0'
    libgcc: '>=13'
    libstdcxx: '>=13'
    python: '>=3.10,<3.11.0a0'
    python_abi: 3.10.*
  url: https://conda.anaconda.org/conda-forge/linux-64/brotli-python-1.1.0-py310hf71b8c6_2.conda
  hash:
    md5: bf502c169c71e3c6ac0d6175addfacc2
    sha256: 14f1e89d3888d560a553f40ac5ba83e4435a107552fa5b2b2029a7472554c1ef
  category: main
  optional: false
- name: bzip2
  version: 1.0.8
  manager: conda
  platform: linux-64
  dependencies:
    __glibc: '>=2.17,<3.0.a0'
    libgcc-ng: '>=12'
  url: https://conda.anaconda.org/conda-forge/linux-64/bzip2-1.0.8-h4bc722e_7.conda
  hash:
    md5: 62ee74e96c5ebb0af99386de58cf9553
    sha256: 5ced96500d945fb286c9c838e54fa759aa04a7129c59800f0846b4335cee770d
  category: main
  optional: false
- name: c-ares
  version: 1.33.1
  manager: conda
  platform: linux-64
  dependencies:
    __glibc: '>=2.28,<3.0.a0'
    libgcc-ng: '>=13'
  url: https://conda.anaconda.org/conda-forge/linux-64/c-ares-1.33.1-heb4867d_0.conda
  hash:
    md5: 0d3c60291342c0c025db231353376dfb
    sha256: 2cb24f613eaf2850b1a08f28f967b10d8bd44ef623efa0154dc45eb718776be6
  category: main
  optional: false
- name: ca-certificates
  version: 2024.8.30
  manager: conda
  platform: linux-64
  dependencies: {}
  url: https://conda.anaconda.org/conda-forge/linux-64/ca-certificates-2024.8.30-hbcca054_0.conda
  hash:
    md5: c27d1c142233b5bc9ca570c6e2e0c244
    sha256: afee721baa6d988e27fef1832f68d6f32ac8cc99cdf6015732224c2841a09cea
  category: main
  optional: false
- name: certifi
  version: 2024.8.30
  manager: conda
  platform: linux-64
  dependencies:
    python: '>=3.7'
  url: https://conda.anaconda.org/conda-forge/noarch/certifi-2024.8.30-pyhd8ed1ab_0.conda
  hash:
    md5: 12f7d00853807b0531775e9be891cb11
    sha256: 7020770df338c45ac6b560185956c32f0a5abf4b76179c037f115fc7d687819f
  category: main
  optional: false
- name: cffi
  version: 1.17.1
  manager: conda
  platform: linux-64
  dependencies:
    __glibc: '>=2.17,<3.0.a0'
    libffi: '>=3.4,<4.0a0'
    libgcc: '>=13'
    pycparser: ''
    python: '>=3.10,<3.11.0a0'
    python_abi: 3.10.*
  url: https://conda.anaconda.org/conda-forge/linux-64/cffi-1.17.1-py310h8deb56e_0.conda
  hash:
    md5: 1fc24a3196ad5ede2a68148be61894f4
    sha256: 1b389293670268ab80c3b8735bc61bc71366862953e000efbb82204d00e41b6c
  category: main
  optional: false
- name: charset-normalizer
  version: 3.3.2
  manager: conda
  platform: linux-64
  dependencies:
    python: '>=3.7'
  url: https://conda.anaconda.org/conda-forge/noarch/charset-normalizer-3.3.2-pyhd8ed1ab_0.conda
  hash:
    md5: 7f4a9e3fcff3f6356ae99244a014da6a
    sha256: 20cae47d31fdd58d99c4d2e65fbdcefa0b0de0c84e455ba9d6356a4bdbc4b5b9
  category: main
  optional: false
- name: ciecplib
  version: 0.8.2
  manager: conda
  platform: linux-64
  dependencies:
    cryptography: '>=36.0.0'
    python: '>=3.6'
    python-gssapi: ''
    requests: ''
    requests-ecp: ''
  url: https://conda.anaconda.org/conda-forge/noarch/ciecplib-0.8.2-pyhd8ed1ab_0.conda
  hash:
    md5: a593e57017328f4aa7270c6d6a2cc584
    sha256: 128d22036b5860a81933b82c65f33ffdf9cf0b3c60acd3b6f2553b2d2819fcb0
  category: main
  optional: false
- name: colorama
  version: 0.4.6
  manager: conda
  platform: linux-64
  dependencies:
    python: '>=3.7'
  url: https://conda.anaconda.org/conda-forge/noarch/colorama-0.4.6-pyhd8ed1ab_0.tar.bz2
  hash:
    md5: 3faab06a954c2a04039983f2c4a50d99
    sha256: 2c1b2e9755ce3102bca8d69e8f26e4f087ece73f50418186aee7c74bef8e1698
  category: main
  optional: false
- name: cryptography
  version: 43.0.1
  manager: conda
  platform: linux-64
  dependencies:
    __glibc: '>=2.17,<3.0.a0'
    cffi: '>=1.12'
    libgcc: '>=13'
    openssl: '>=3.3.2,<4.0a0'
    python: '>=3.10,<3.11.0a0'
    python_abi: 3.10.*
  url: https://conda.anaconda.org/conda-forge/linux-64/cryptography-43.0.1-py310h6c63255_0.conda
  hash:
    md5: d1490ab7363ca78517dfa92001a97cc2
    sha256: 151c4e46561850b1fb0b8b07b30996f0b8c45fbb4a91b5b6a0313e51af91bc2b
  category: main
  optional: false
- name: cyrus-sasl
  version: 2.1.27
  manager: conda
  platform: linux-64
  dependencies:
    krb5: '>=1.21.1,<1.22.0a0'
    libgcc-ng: '>=12'
    libntlm: ''
    libstdcxx-ng: '>=12'
    openssl: '>=3.1.1,<4.0a0'
  url: https://conda.anaconda.org/conda-forge/linux-64/cyrus-sasl-2.1.27-h54b06d7_7.conda
  hash:
    md5: dce22f70b4e5a407ce88f2be046f4ceb
    sha256: d2ea5e52da745c4249e1a818095a28f9c57bd4df22cbfc645352defa468e86c2
  category: main
  optional: false
- name: decorator
  version: 5.1.1
  manager: conda
  platform: linux-64
  dependencies:
    python: '>=3.5'
  url: https://conda.anaconda.org/conda-forge/noarch/decorator-5.1.1-pyhd8ed1ab_0.tar.bz2
  hash:
    md5: 43afe5ab04e35e17ba28649471dd7364
    sha256: 328a6a379f9bdfd0230e51de291ce858e6479411ea4b0545fb377c71662ef3e2
  category: main
  optional: false
- name: fftw
  version: 3.3.10
  manager: conda
  platform: linux-64
  dependencies:
    libgcc-ng: '>=12'
    libgfortran-ng: ''
    libgfortran5: '>=12.3.0'
    libstdcxx-ng: '>=12'
  url: https://conda.anaconda.org/conda-forge/linux-64/fftw-3.3.10-nompi_hf1063bd_110.conda
  hash:
    md5: ee3e687b78b778db7b304e5b00a4dca6
    sha256: 3cc58c9d9a8cc0089e3839ae5ff7ba4ddfc6df99d5f6a147fe90ea963bc6fe45
  category: main
  optional: false
- name: gsl
  version: '2.7'
  manager: conda
  platform: linux-64
  dependencies:
    libblas: '>=3.8.0,<4.0a0'
    libcblas: '>=3.8.0,<4.0a0'
    libgcc-ng: '>=9.3.0'
  url: https://conda.anaconda.org/conda-forge/linux-64/gsl-2.7-he838d99_0.tar.bz2
  hash:
    md5: fec079ba39c9cca093bf4c00001825de
    sha256: 132a918b676dd1f533d7c6f95e567abf7081a6ea3251c3280de35ef600e0da87
  category: main
  optional: false
- name: h2
  version: 4.1.0
  manager: conda
  platform: linux-64
  dependencies:
    hpack: '>=4.0,<5'
    hyperframe: '>=6.0,<7'
    python: '>=3.6.1'
  url: https://conda.anaconda.org/conda-forge/noarch/h2-4.1.0-pyhd8ed1ab_0.tar.bz2
  hash:
    md5: b748fbf7060927a6e82df7cb5ee8f097
    sha256: bfc6a23849953647f4e255c782e74a0e18fe16f7e25c7bb0bc57b83bb6762c7a
  category: main
  optional: false
- name: hdf5
  version: 1.14.4
  manager: conda
  platform: linux-64
  dependencies:
    __glibc: '>=2.17,<3.0.a0'
    libaec: '>=1.1.3,<2.0a0'
    libcurl: '>=8.10.1,<9.0a0'
    libgcc: '>=13'
    libgfortran: ''
    libgfortran5: '>=13.3.0'
    libstdcxx: '>=13'
    libzlib: '>=1.3.1,<2.0a0'
    openssl: '>=3.3.2,<4.0a0'
  url: https://conda.anaconda.org/conda-forge/linux-64/hdf5-1.14.4-nompi_h2d575fe_101.conda
  hash:
    md5: 09967792ea2191a0bdb461f9c889e510
    sha256: fdc091d50eb0a2e5fcc5cab5b605bdaf57471c724aa897aaee67dd5c66d34d53
  category: main
  optional: false
- name: hpack
  version: 4.0.0
  manager: conda
  platform: linux-64
  dependencies:
    python: ''
  url: https://conda.anaconda.org/conda-forge/noarch/hpack-4.0.0-pyh9f0ad1d_0.tar.bz2
  hash:
    md5: 914d6646c4dbb1fd3ff539830a12fd71
    sha256: 5dec948932c4f740674b1afb551223ada0c55103f4c7bf86a110454da3d27cb8
  category: main
  optional: false
- name: hyperframe
  version: 6.0.1
  manager: conda
  platform: linux-64
  dependencies:
    python: '>=3.6'
  url: https://conda.anaconda.org/conda-forge/noarch/hyperframe-6.0.1-pyhd8ed1ab_0.tar.bz2
  hash:
    md5: 9f765cbfab6870c8435b9eefecd7a1f4
    sha256: e374a9d0f53149328134a8d86f5d72bca4c6dcebed3c0ecfa968c02996289330
  category: main
  optional: false
- name: icu
  version: '75.1'
  manager: conda
  platform: linux-64
  dependencies:
    __glibc: '>=2.17,<3.0.a0'
    libgcc-ng: '>=12'
    libstdcxx-ng: '>=12'
  url: https://conda.anaconda.org/conda-forge/linux-64/icu-75.1-he02047a_0.conda
  hash:
    md5: 8b189310083baabfb622af68fd9d3ae3
    sha256: 71e750d509f5fa3421087ba88ef9a7b9be11c53174af3aa4d06aff4c18b38e8e
  category: main
  optional: false
- name: idna
  version: '3.10'
  manager: conda
  platform: linux-64
  dependencies:
    python: '>=3.6'
  url: https://conda.anaconda.org/conda-forge/noarch/idna-3.10-pyhd8ed1ab_0.conda
  hash:
    md5: 7ba2ede0e7c795ff95088daf0dc59753
    sha256: 8c57fd68e6be5eecba4462e983aed7e85761a519aab80e834bbd7794d4b545b2
  category: main
  optional: false
- name: keyutils
  version: 1.6.1
  manager: conda
  platform: linux-64
  dependencies:
    libgcc-ng: '>=10.3.0'
  url: https://conda.anaconda.org/conda-forge/linux-64/keyutils-1.6.1-h166bdaf_0.tar.bz2
  hash:
    md5: 30186d27e2c9fa62b45fb1476b7200e3
    sha256: 150c05a6e538610ca7c43beb3a40d65c90537497a4f6a5f4d15ec0451b6f5ebb
  category: main
  optional: false
- name: krb5
  version: 1.21.3
  manager: conda
  platform: linux-64
  dependencies:
    keyutils: '>=1.6.1,<2.0a0'
    libedit: '>=3.1.20191231,<4.0a0'
    libgcc-ng: '>=12'
    libstdcxx-ng: '>=12'
    openssl: '>=3.3.1,<4.0a0'
  url: https://conda.anaconda.org/conda-forge/linux-64/krb5-1.21.3-h659f571_0.conda
  hash:
    md5: 3f43953b7d3fb3aaa1d0d0723d91e368
    sha256: 99df692f7a8a5c27cd14b5fb1374ee55e756631b9c3d659ed3ee60830249b238
  category: main
  optional: false
- name: ld_impl_linux-64
  version: '2.43'
  manager: conda
  platform: linux-64
  dependencies:
    __glibc: '>=2.17,<3.0.a0'
  url: https://conda.anaconda.org/conda-forge/linux-64/ld_impl_linux-64-2.43-h712a8e2_1.conda
  hash:
    md5: 83e1364586ceb8d0739fbc85b5c95837
    sha256: 0c21387f9a411e3d1f7f2969026bacfece133c8f1e72faea9cde29c0c19e1f3a
  category: main
  optional: false
- name: ldas-tools-al
  version: 2.6.7
  manager: conda
  platform: linux-64
  dependencies:
    __glibc: '>=2.17,<3.0.a0'
    libgcc-ng: '>=13'
    libstdcxx-ng: '>=13'
  url: https://conda.anaconda.org/conda-forge/linux-64/ldas-tools-al-2.6.7-h2b4839b_6.conda
  hash:
    md5: 86198d1b738f2331db73d9dc3481b9fa
    sha256: 966ed874b8bcef42ffea4e16bd3cadfbb60d9cf4ba3958d4ae7e138429abf8ed
  category: main
  optional: false
- name: ldas-tools-framecpp
  version: 2.9.3
  manager: conda
  platform: linux-64
  dependencies:
    __glibc: '>=2.17,<3.0.a0'
    ldas-tools-al: '>=2.6.7,<2.7.0a0'
    libboost: '>=1.86.0,<1.87.0a0'
    libgcc-ng: '>=12'
    libstdcxx-ng: '>=12'
    libzlib: '>=1.3.1,<2.0a0'
    openssl: '>=3.3.1,<4.0a0'
  url: https://conda.anaconda.org/conda-forge/linux-64/ldas-tools-framecpp-2.9.3-hcc7daa0_3.conda
  hash:
    md5: 80349050839b85cb94ef123dbf1b92fc
    sha256: 922bd701a3a7b7785c171e2b606e3e3d7019249052bf09ae9aff2d36a92d3b05
  category: main
  optional: false
- name: libaec
  version: 1.1.3
  manager: conda
  platform: linux-64
  dependencies:
    libgcc-ng: '>=12'
    libstdcxx-ng: '>=12'
  url: https://conda.anaconda.org/conda-forge/linux-64/libaec-1.1.3-h59595ed_0.conda
  hash:
    md5: 5e97e271911b8b2001a8b71860c32faa
    sha256: 2ef420a655528bca9d269086cf33b7e90d2f54ad941b437fb1ed5eca87cee017
  category: main
  optional: false
- name: libblas
  version: 3.9.0
  manager: conda
  platform: linux-64
  dependencies:
    libopenblas: '>=0.3.27,<1.0a0'
  url: https://conda.anaconda.org/conda-forge/linux-64/libblas-3.9.0-24_linux64_openblas.conda
  hash:
    md5: 80aea6603a6813b16ec119d00382b772
    sha256: 3097f7913bda527d4fe9f824182b314e130044e582455037fca6f4e97965d83c
  category: main
  optional: false
- name: libboost
  version: 1.86.0
  manager: conda
  platform: linux-64
  dependencies:
    __glibc: '>=2.17,<3.0.a0'
    bzip2: '>=1.0.8,<2.0a0'
    icu: '>=75.1,<76.0a0'
    libgcc: '>=13'
    libstdcxx: '>=13'
    libzlib: '>=1.3.1,<2.0a0'
    xz: '>=5.2.6,<6.0a0'
    zstd: '>=1.5.6,<1.6.0a0'
  url: https://conda.anaconda.org/conda-forge/linux-64/libboost-1.86.0-hb8260a3_2.conda
  hash:
    md5: 5e0ef327c03bb0092046cc9e964b3ceb
    sha256: d2b5959c9d73486fba422b1f4f844447df110924860df5583847b7ca62e98a6e
  category: main
  optional: false
- name: libcblas
  version: 3.9.0
  manager: conda
  platform: linux-64
  dependencies:
    libblas: 3.9.0
  url: https://conda.anaconda.org/conda-forge/linux-64/libcblas-3.9.0-24_linux64_openblas.conda
  hash:
    md5: f5b8822297c9c790cec0795ca1fc9be6
    sha256: 2a52bccc5b03cdf014d856d0b85dbd591faa335ab337d620cd6aded121d7153c
  category: main
  optional: false
- name: libcurl
  version: 8.10.1
  manager: conda
  platform: linux-64
  dependencies:
    __glibc: '>=2.17,<3.0.a0'
    krb5: '>=1.21.3,<1.22.0a0'
    libgcc: '>=13'
    libnghttp2: '>=1.58.0,<2.0a0'
    libssh2: '>=1.11.0,<2.0a0'
    libzlib: '>=1.3.1,<2.0a0'
    openssl: '>=3.3.2,<4.0a0'
    zstd: '>=1.5.6,<1.6.0a0'
  url: https://conda.anaconda.org/conda-forge/linux-64/libcurl-8.10.1-hbbe4b11_0.conda
  hash:
    md5: 6e801c50a40301f6978c53976917b277
    sha256: 54e6114dfce566c3a22ad3b7b309657e3600cdb668398e95f1301360d5d52c99
  category: main
  optional: false
- name: libedit
  version: 3.1.20191231
  manager: conda
  platform: linux-64
  dependencies:
    libgcc-ng: '>=7.5.0'
    ncurses: '>=6.2,<7.0.0a0'
  url: https://conda.anaconda.org/conda-forge/linux-64/libedit-3.1.20191231-he28a2e2_2.tar.bz2
  hash:
    md5: 4d331e44109e3f0e19b4cb8f9b82f3e1
    sha256: a57d37c236d8f7c886e01656f4949d9dcca131d2a0728609c6f7fa338b65f1cf
  category: main
  optional: false
- name: libev
  version: '4.33'
  manager: conda
  platform: linux-64
  dependencies:
    libgcc-ng: '>=12'
  url: https://conda.anaconda.org/conda-forge/linux-64/libev-4.33-hd590300_2.conda
  hash:
    md5: 172bf1cd1ff8629f2b1179945ed45055
    sha256: 1cd6048169fa0395af74ed5d8f1716e22c19a81a8a36f934c110ca3ad4dd27b4
  category: main
  optional: false
- name: libffi
  version: 3.4.2
  manager: conda
  platform: linux-64
  dependencies:
    libgcc-ng: '>=9.4.0'
  url: https://conda.anaconda.org/conda-forge/linux-64/libffi-3.4.2-h7f98852_5.tar.bz2
  hash:
    md5: d645c6d2ac96843a2bfaccd2d62b3ac3
    sha256: ab6e9856c21709b7b517e940ae7028ae0737546122f83c2aa5d692860c3b149e
  category: main
  optional: false
- name: libgcc
  version: 14.1.0
  manager: conda
  platform: linux-64
  dependencies:
    _libgcc_mutex: '0.1'
    _openmp_mutex: '>=4.5'
  url: https://conda.anaconda.org/conda-forge/linux-64/libgcc-14.1.0-h77fa898_1.conda
  hash:
    md5: 002ef4463dd1e2b44a94a4ace468f5d2
    sha256: 10fa74b69266a2be7b96db881e18fa62cfa03082b65231e8d652e897c4b335a3
  category: main
  optional: false
- name: libgcc-ng
  version: 14.1.0
  manager: conda
  platform: linux-64
  dependencies:
    libgcc: 14.1.0
  url: https://conda.anaconda.org/conda-forge/linux-64/libgcc-ng-14.1.0-h69a702a_1.conda
  hash:
    md5: 1efc0ad219877a73ef977af7dbb51f17
    sha256: b91f7021e14c3d5c840fbf0dc75370d6e1f7c7ff4482220940eaafb9c64613b7
  category: main
  optional: false
- name: libgfortran
  version: 14.1.0
  manager: conda
  platform: linux-64
  dependencies:
    libgfortran5: 14.1.0
  url: https://conda.anaconda.org/conda-forge/linux-64/libgfortran-14.1.0-h69a702a_1.conda
  hash:
    md5: 591e631bc1ae62c64f2ab4f66178c097
    sha256: ed77f04f873e43a26e24d443dd090631eedc7d0ace3141baaefd96a123e47535
  category: main
  optional: false
- name: libgfortran-ng
  version: 14.1.0
  manager: conda
  platform: linux-64
  dependencies:
    libgfortran: 14.1.0
  url: https://conda.anaconda.org/conda-forge/linux-64/libgfortran-ng-14.1.0-h69a702a_1.conda
  hash:
    md5: 16cec94c5992d7f42ae3f9fa8b25df8d
    sha256: a2dc35cb7f87bb5beebf102d4085574c6a740e1df58e743185d4434cc5e4e0ae
  category: main
  optional: false
- name: libgfortran5
  version: 14.1.0
  manager: conda
  platform: linux-64
  dependencies:
    libgcc: '>=14.1.0'
  url: https://conda.anaconda.org/conda-forge/linux-64/libgfortran5-14.1.0-hc5f4f2c_1.conda
  hash:
    md5: 10a0cef64b784d6ab6da50ebca4e984d
    sha256: c40d7db760296bf9c776de12597d2f379f30e890b9ae70c1de962ff2aa1999f6
  category: main
  optional: false
- name: libgomp
  version: 14.1.0
  manager: conda
  platform: linux-64
  dependencies:
    _libgcc_mutex: '0.1'
  url: https://conda.anaconda.org/conda-forge/linux-64/libgomp-14.1.0-h77fa898_1.conda
  hash:
    md5: 23c255b008c4f2ae008f81edcabaca89
    sha256: c96724c8ae4ee61af7674c5d9e5a3fbcf6cd887a40ad5a52c99aa36f1d4f9680
  category: main
  optional: false
- name: libiconv
  version: '1.17'
  manager: conda
  platform: linux-64
  dependencies:
    libgcc-ng: '>=12'
  url: https://conda.anaconda.org/conda-forge/linux-64/libiconv-1.17-hd590300_2.conda
  hash:
    md5: d66573916ffcf376178462f1b61c941e
    sha256: 8ac2f6a9f186e76539439e50505d98581472fedb347a20e7d1f36429849f05c9
  category: main
  optional: false
- name: liblal
  version: 7.6.0
  manager: conda
  platform: linux-64
  dependencies:
    __glibc: '>=2.17,<3.0.a0'
    fftw: '>=3.3.10,<4.0a0'
    gsl: '>=2.7,<2.8.0a0'
    hdf5: '>=1.14.4,<1.14.5.0a0'
    libgcc: '>=13'
    libzlib: '>=1.3.1,<2.0a0'
  url: https://conda.anaconda.org/conda-forge/linux-64/liblal-7.6.0-fftw_he2b3613_101.conda
  hash:
    md5: 0838b95a875dc855a8b7dccdcac6c0e3
    sha256: ff52dc142b17a304fd4539b90a2bdffcbe79e71d41319670a1bc046608504418
  category: main
  optional: false
- name: liblapack
  version: 3.9.0
  manager: conda
  platform: linux-64
  dependencies:
    libblas: 3.9.0
  url: https://conda.anaconda.org/conda-forge/linux-64/liblapack-3.9.0-24_linux64_openblas.conda
  hash:
    md5: fd540578678aefe025705f4b58b36b2e
    sha256: a15da20c3c0fb5f356e5b4e2f1e87b0da11b9a46805a7f2609bf30f23453831a
  category: main
  optional: false
- name: libnghttp2
  version: 1.58.0
  manager: conda
  platform: linux-64
  dependencies:
    c-ares: '>=1.23.0,<2.0a0'
    libev: '>=4.33,<5.0a0'
    libgcc-ng: '>=12'
    libstdcxx-ng: '>=12'
    libzlib: '>=1.2.13,<2.0.0a0'
    openssl: '>=3.2.0,<4.0a0'
  url: https://conda.anaconda.org/conda-forge/linux-64/libnghttp2-1.58.0-h47da74e_1.conda
  hash:
    md5: 700ac6ea6d53d5510591c4344d5c989a
    sha256: 1910c5306c6aa5bcbd623c3c930c440e9c77a5a019008e1487810e3c1d3716cb
  category: main
  optional: false
- name: libnsl
  version: 2.0.1
  manager: conda
  platform: linux-64
  dependencies:
    libgcc-ng: '>=12'
  url: https://conda.anaconda.org/conda-forge/linux-64/libnsl-2.0.1-hd590300_0.conda
  hash:
    md5: 30fd6e37fe21f86f4bd26d6ee73eeec7
    sha256: 26d77a3bb4dceeedc2a41bd688564fe71bf2d149fdcf117049970bc02ff1add6
  category: main
  optional: false
- name: libntlm
  version: '1.4'
  manager: conda
  platform: linux-64
  dependencies:
    libgcc-ng: '>=9.3.0'
  url: https://conda.anaconda.org/conda-forge/linux-64/libntlm-1.4-h7f98852_1002.tar.bz2
  hash:
    md5: e728e874159b042d92b90238a3cb0dc2
    sha256: 63244b73156033ea3b7c2a1581526e79b4670349d64b15f645dcdb12de441d1a
  category: main
  optional: false
- name: libopenblas
  version: 0.3.27
  manager: conda
  platform: linux-64
  dependencies:
    libgcc-ng: '>=12'
    libgfortran-ng: ''
    libgfortran5: '>=12.3.0'
  url: https://conda.anaconda.org/conda-forge/linux-64/libopenblas-0.3.27-pthreads_hac2b453_1.conda
  hash:
    md5: ae05ece66d3924ac3d48b4aa3fa96cec
    sha256: 714cb82d7c4620ea2635a92d3df263ab841676c9b183d0c01992767bb2451c39
  category: main
  optional: false
- name: libsqlite
  version: 3.46.1
  manager: conda
  platform: linux-64
  dependencies:
    __glibc: '>=2.17,<3.0.a0'
    libgcc: '>=13'
    libzlib: '>=1.3.1,<2.0a0'
  url: https://conda.anaconda.org/conda-forge/linux-64/libsqlite-3.46.1-hadc24fc_0.conda
  hash:
    md5: 36f79405ab16bf271edb55b213836dac
    sha256: 9851c049abafed3ee329d6c7c2033407e2fc269d33a75c071110ab52300002b0
  category: main
  optional: false
- name: libssh2
  version: 1.11.0
  manager: conda
  platform: linux-64
  dependencies:
    libgcc-ng: '>=12'
    libzlib: '>=1.2.13,<2.0.0a0'
    openssl: '>=3.1.1,<4.0a0'
  url: https://conda.anaconda.org/conda-forge/linux-64/libssh2-1.11.0-h0841786_0.conda
  hash:
    md5: 1f5a58e686b13bcfde88b93f547d23fe
    sha256: 50e47fd9c4f7bf841a11647ae7486f65220cfc988ec422a4475fe8d5a823824d
  category: main
  optional: false
- name: libstdcxx
  version: 14.1.0
  manager: conda
  platform: linux-64
  dependencies:
    libgcc: 14.1.0
  url: https://conda.anaconda.org/conda-forge/linux-64/libstdcxx-14.1.0-hc0a3c3a_1.conda
  hash:
    md5: 9dbb9699ea467983ba8a4ba89b08b066
    sha256: 44decb3d23abacf1c6dd59f3c152a7101b7ca565b4ef8872804ceaedcc53a9cd
  category: main
  optional: false
- name: libstdcxx-ng
  version: 14.1.0
  manager: conda
  platform: linux-64
  dependencies:
    libstdcxx: 14.1.0
  url: https://conda.anaconda.org/conda-forge/linux-64/libstdcxx-ng-14.1.0-h4852527_1.conda
  hash:
    md5: bd2598399a70bb86d8218e95548d735e
    sha256: a2dc44f97290740cc187bfe94ce543e6eb3c2ea8964d99f189a1d8c97b419b8c
  category: main
  optional: false
- name: libuuid
  version: 2.38.1
  manager: conda
  platform: linux-64
  dependencies:
    libgcc-ng: '>=12'
  url: https://conda.anaconda.org/conda-forge/linux-64/libuuid-2.38.1-h0b41bf4_0.conda
  hash:
    md5: 40b61aab5c7ba9ff276c41cfffe6b80b
    sha256: 787eb542f055a2b3de553614b25f09eefb0a0931b0c87dbcce6efdfd92f04f18
  category: main
  optional: false
- name: libxcrypt
  version: 4.4.36
  manager: conda
  platform: linux-64
  dependencies:
    libgcc-ng: '>=12'
  url: https://conda.anaconda.org/conda-forge/linux-64/libxcrypt-4.4.36-hd590300_1.conda
  hash:
    md5: 5aa797f8787fe7a17d1b0821485b5adc
    sha256: 6ae68e0b86423ef188196fff6207ed0c8195dd84273cb5623b85aa08033a410c
  category: main
  optional: false
- name: libxml2
  version: 2.12.7
  manager: conda
  platform: linux-64
  dependencies:
    __glibc: '>=2.17,<3.0.a0'
    icu: '>=75.1,<76.0a0'
    libgcc-ng: '>=12'
    libiconv: '>=1.17,<2.0a0'
    libzlib: '>=1.3.1,<2.0a0'
    xz: '>=5.2.6,<6.0a0'
  url: https://conda.anaconda.org/conda-forge/linux-64/libxml2-2.12.7-he7c6b58_4.conda
  hash:
    md5: 08a9265c637230c37cb1be4a6cad4536
    sha256: 10e9e0ac52b9a516a17edbc07f8d559e23778e54f1a7721b2e0e8219284fed3b
  category: main
  optional: false
- name: libxslt
  version: 1.1.39
  manager: conda
  platform: linux-64
  dependencies:
    libgcc-ng: '>=12'
    libxml2: '>=2.12.1,<3.0.0a0'
  url: https://conda.anaconda.org/conda-forge/linux-64/libxslt-1.1.39-h76b75d6_0.conda
  hash:
    md5: e71f31f8cfb0a91439f2086fc8aa0461
    sha256: 684e9b67ef7b9ca0ca993762eeb39705ec58e2e7f958555c758da7ef416db9f3
  category: main
  optional: false
- name: libzlib
  version: 1.3.1
  manager: conda
  platform: linux-64
  dependencies:
    __glibc: '>=2.17,<3.0.a0'
    libgcc: '>=13'
  url: https://conda.anaconda.org/conda-forge/linux-64/libzlib-1.3.1-hb9d3cd8_2.conda
  hash:
    md5: edb0dca6bc32e4f4789199455a1dbeb8
    sha256: d4bfe88d7cb447768e31650f06257995601f89076080e76df55e3112d4e47dc4
  category: main
  optional: false
- name: ligo-segments
  version: 1.4.0
  manager: conda
  platform: linux-64
  dependencies:
    libgcc-ng: '>=12'
    python: '>=3.10,<3.11.0a0'
    python_abi: 3.10.*
    six: ''
  url: https://conda.anaconda.org/conda-forge/linux-64/ligo-segments-1.4.0-py310h2372a71_5.conda
  hash:
    md5: 566f8a08386f0aa991a0acf52a601d82
    sha256: c1149bb099c062c4205c194193d558829718ff6746008727b04e01c631eb06ac
  category: main
  optional: false
- name: lscsoft-glue
  version: 4.0.0
  manager: conda
  platform: linux-64
  dependencies:
    ligo-segments: ''
    numpy: ''
    pyopenssl: ''
    python: '>=3.6'
    six: ''
  url: https://conda.anaconda.org/conda-forge/noarch/lscsoft-glue-4.0.0-pyhd8ed1ab_1.conda
  hash:
    md5: a6e54b063adbb08f42d6551e62fd86c6
    sha256: 47d23a509014310509439e542950bc53185d4aa1954df502cf57e50859cd2e95
  category: main
  optional: false
- name: lxml
  version: 5.3.0
  manager: conda
  platform: linux-64
  dependencies:
    __glibc: '>=2.17,<3.0.a0'
    libgcc: '>=13'
    libxml2: '>=2.12.7,<3.0a0'
    libxslt: '>=1.1.39,<2.0a0'
    libzlib: '>=1.3.1,<2.0a0'
    python: '>=3.10,<3.11.0a0'
    python_abi: 3.10.*
  url: https://conda.anaconda.org/conda-forge/linux-64/lxml-5.3.0-py310h6ee67d5_1.conda
  hash:
    md5: d7ed9e44a685d54fb24b35d65d10fa50
    sha256: ed9b421d93de76831a853b31440622da6228c34cdb5eed6e963a9462d24a44a0
  category: main
  optional: false
- name: ncurses
  version: '6.5'
  manager: conda
  platform: linux-64
  dependencies:
    __glibc: '>=2.17,<3.0.a0'
    libgcc-ng: '>=12'
  url: https://conda.anaconda.org/conda-forge/linux-64/ncurses-6.5-he02047a_1.conda
  hash:
    md5: 70caf8bb6cf39a0b6b7efc885f51c0fe
    sha256: 6a1d5d8634c1a07913f1c525db6455918cbc589d745fac46d9d6e30340c8731a
  category: main
  optional: false
- name: nds2-client
  version: 0.16.8
  manager: conda
  platform: linux-64
  dependencies:
    __glibc: '>=2.17,<3.0.a0'
    cyrus-sasl: '>=2.1.27,<3.0a0'
    libgcc: '>=13'
    libstdcxx: '>=13'
  url: https://conda.anaconda.org/conda-forge/linux-64/nds2-client-0.16.8-h2b4839b_8.conda
  hash:
    md5: 60c5a7afe9012598788114855be26716
    sha256: 6a1dfc8a3aa7cf106eb86b6868e3905a2ed7a3855eadbd2d3345088605a4a583
  category: main
  optional: false
- name: numpy
  version: 2.1.2
  manager: conda
  platform: linux-64
  dependencies:
    __glibc: '>=2.17,<3.0.a0'
    libblas: '>=3.9.0,<4.0a0'
    libcblas: '>=3.9.0,<4.0a0'
    libgcc: '>=13'
    liblapack: '>=3.9.0,<4.0a0'
    libstdcxx: '>=13'
    python: '>=3.10,<3.11.0a0'
    python_abi: 3.10.*
  url: https://conda.anaconda.org/conda-forge/linux-64/numpy-2.1.2-py310hd6e36ab_0.conda
  hash:
    md5: d64ac80cd7861e079770982204d4673b
    sha256: 44ef5892d8f65ef52446fe14140773fd036550d9656b7898ec363b251a1a9297
  category: main
  optional: false
- name: openssl
  version: 3.3.2
  manager: conda
  platform: linux-64
  dependencies:
    __glibc: '>=2.17,<3.0.a0'
    ca-certificates: ''
    libgcc: '>=13'
  url: https://conda.anaconda.org/conda-forge/linux-64/openssl-3.3.2-hb9d3cd8_0.conda
  hash:
    md5: 4d638782050ab6faa27275bed57e9b4e
    sha256: cee91036686419f6dd6086902acf7142b4916e1c4ba042e9ca23e151da012b6d
  category: main
  optional: false
- name: pip
  version: '24.2'
  manager: conda
  platform: linux-64
  dependencies:
    python: '>=3.8,<3.13.0a0'
    setuptools: ''
    wheel: ''
  url: https://conda.anaconda.org/conda-forge/noarch/pip-24.2-pyh8b19718_1.conda
  hash:
    md5: 6c78fbb8ddfd64bcb55b5cbafd2d2c43
    sha256: d820e5358bcb117fa6286e55d4550c60b0332443df62121df839eab2d11c890b
  category: main
  optional: false
- name: pycparser
  version: '2.22'
  manager: conda
  platform: linux-64
  dependencies:
    python: '>=3.8'
  url: https://conda.anaconda.org/conda-forge/noarch/pycparser-2.22-pyhd8ed1ab_0.conda
  hash:
    md5: 844d9eb3b43095b031874477f7d70088
    sha256: 406001ebf017688b1a1554b49127ca3a4ac4626ec0fd51dc75ffa4415b720b64
  category: main
  optional: false
- name: pyopenssl
  version: 24.2.1
  manager: conda
  platform: linux-64
  dependencies:
    cryptography: '>=41.0.5,<44'
    python: '>=3.7'
  url: https://conda.anaconda.org/conda-forge/noarch/pyopenssl-24.2.1-pyhd8ed1ab_2.conda
  hash:
    md5: 85fa2fdd26d5a38792eb57bc72463f07
    sha256: 6618aaa9780b723abfda95f3575900df99dd137d96c80421ad843a5cbcc70e6e
  category: main
  optional: false
- name: pysocks
  version: 1.7.1
  manager: conda
  platform: linux-64
  dependencies:
    __unix: ''
    python: '>=3.8'
  url: https://conda.anaconda.org/conda-forge/noarch/pysocks-1.7.1-pyha2e5f31_6.tar.bz2
  hash:
    md5: 2a7de29fb590ca14b5243c4c812c8025
    sha256: a42f826e958a8d22e65b3394f437af7332610e43ee313393d1cf143f0a2d274b
  category: main
  optional: false
- name: python
  version: 3.10.15
  manager: conda
  platform: linux-64
  dependencies:
    __glibc: '>=2.17,<3.0.a0'
    bzip2: '>=1.0.8,<2.0a0'
    ld_impl_linux-64: '>=2.36.1'
    libffi: '>=3.4,<4.0a0'
    libgcc: '>=13'
    libnsl: '>=2.0.1,<2.1.0a0'
    libsqlite: '>=3.46.1,<4.0a0'
    libuuid: '>=2.38.1,<3.0a0'
    libxcrypt: '>=4.4.36'
    libzlib: '>=1.3.1,<2.0a0'
    ncurses: '>=6.5,<7.0a0'
    openssl: '>=3.3.2,<4.0a0'
    readline: '>=8.2,<9.0a0'
    tk: '>=8.6.13,<8.7.0a0'
    tzdata: ''
    xz: '>=5.2.6,<6.0a0'
  url: https://conda.anaconda.org/conda-forge/linux-64/python-3.10.15-h4a871b0_1_cpython.conda
  hash:
    md5: 9e1b028075ff7348a194d524b6910f12
    sha256: 7611846de94e1b7c41b308dc6788e65227e8c65bd2f1575e1753acc9a3129fd9
  category: main
  optional: false
- name: python-dateutil
  version: 2.9.0
  manager: conda
  platform: linux-64
  dependencies:
    python: '>=3.7'
    six: '>=1.5'
  url: https://conda.anaconda.org/conda-forge/noarch/python-dateutil-2.9.0-pyhd8ed1ab_0.conda
  hash:
    md5: 2cf4264fffb9e6eff6031c5b6884d61c
    sha256: f3ceef02ac164a8d3a080d0d32f8e2ebe10dd29e3a685d240e38b3599e146320
  category: main
  optional: false
- name: python-gssapi
  version: 1.9.0
  manager: conda
  platform: linux-64
  dependencies:
    __glibc: '>=2.17,<3.0.a0'
    decorator: ''
    krb5: '>=1.21.3,<1.22.0a0'
    libgcc: '>=13'
    python: '>=3.10,<3.11.0a0'
    python_abi: 3.10.*
  url: https://conda.anaconda.org/conda-forge/linux-64/python-gssapi-1.9.0-py310h695cd88_0.conda
  hash:
    md5: ad55798789718fc59f8ded94e2cf1a4a
    sha256: 074074673a5a5e602b4f878f7d860168c7a66abbf46a27ab81680f09d6ae3d0a
  category: main
  optional: false
- name: python-lal
  version: 7.6.0
  manager: conda
  platform: linux-64
  dependencies:
    __glibc: '>=2.17,<3.0.a0'
    libgcc: '>=13'
    liblal: 7.6.0
    ligo-segments: ''
    numpy: '>=1.19,<3'
    python: '>=3.10,<3.11.0a0'
    python-dateutil: ''
    python_abi: 3.10.*
    scipy: ''
  url: https://conda.anaconda.org/conda-forge/linux-64/python-lal-7.6.0-fftw_py310h7b91a3d_101.conda
  hash:
    md5: df663fae57a48463c200b70cd65324a8
    sha256: 4867a131c2e297a19eba36a7deb727036e112fc548f86573818609f3d2ee5b0d
  category: main
  optional: false
- name: python-ldas-tools-al
  version: 2.6.10
  manager: conda
  platform: linux-64
  dependencies:
    __glibc: '>=2.17,<3.0.a0'
    libgcc: '>=13'
    libstdcxx: '>=13'
    python: '>=3.10,<3.11.0a0'
    python_abi: 3.10.*
  url: https://conda.anaconda.org/conda-forge/linux-64/python-ldas-tools-al-2.6.10-py310h3788b33_4.conda
  hash:
    md5: 013814f7d85770e6e57b03e820510f8c
    sha256: 7e74e49311aafbfbe7cc85e38648efa29639cacfb58bdaef248280bece8409ea
  category: main
  optional: false
- name: python-ldas-tools-framecpp
  version: 2.6.14
  manager: conda
  platform: linux-64
  dependencies:
    __glibc: '>=2.17,<3.0.a0'
    ldas-tools-al: '>=2.6.7,<2.7.0a0'
    ldas-tools-framecpp: '>=2.9.3,<2.10.0a0'
    libboost: '>=1.86.0,<1.87.0a0'
    libgcc: '>=13'
    libstdcxx: '>=13'
    numpy: '>=1.19,<3'
    python: '>=3.10,<3.11.0a0'
    python-ldas-tools-al: '>=2.6.10'
    python_abi: 3.10.*
  url: https://conda.anaconda.org/conda-forge/linux-64/python-ldas-tools-framecpp-2.6.14-py310h599394d_5.conda
  hash:
    md5: c56caed06d6fedb9fd57794a257ce244
    sha256: c3e89cce17692fe00685fd3b1a18532ccdcdfb9aa7d1d2bb4955dd4046280747
  category: main
  optional: false
- name: python-ligo-lw
  version: 1.8.3
  manager: conda
  platform: linux-64
  dependencies:
    libgcc-ng: '>=12'
    ligo-segments: ''
    lscsoft-glue: '>=2.0.0'
    numpy: ''
    python: '>=3.10,<3.11.0a0'
    python-dateutil: ''
    python-lal: '>=6.19.0'
    python_abi: 3.10.*
    pyyaml: ''
    six: ''
    tqdm: ''
  url: https://conda.anaconda.org/conda-forge/linux-64/python-ligo-lw-1.8.3-py310h2372a71_3.conda
  hash:
    md5: 6819c879259ff66bf4f56e519ce7fd1a
    sha256: 8cdbfdb5c7295d0419ce6cbf13cd4815666e2b3c3786b2bc62c6e68d00b6f1b1
  category: main
  optional: false
- name: python-nds2-client
  version: 0.16.12
  manager: conda
  platform: linux-64
  dependencies:
    __glibc: '>=2.17,<3.0.a0'
    libgcc-ng: '>=12'
    libstdcxx-ng: '>=12'
    nds2-client: '>=0.16.8,<0.17.0a0'
    numpy: '>=1.19,<3'
    python: '>=3.10,<3.11.0a0'
    python_abi: 3.10.*
  url: https://conda.anaconda.org/conda-forge/linux-64/python-nds2-client-0.16.12-py310h0cd1892_6.conda
  hash:
    md5: dcf43cc48f47170fc70352c2a81bc005
    sha256: 4b2baf5102eea604fba658f639546227970b857eacb6dca6a22686818b39c79c
  category: main
  optional: false
- name: python_abi
  version: '3.10'
  manager: conda
  platform: linux-64
  dependencies: {}
  url: https://conda.anaconda.org/conda-forge/linux-64/python_abi-3.10-5_cp310.conda
  hash:
    md5: 2921c34715e74b3587b4cff4d36844f9
    sha256: 074d2f0b31f0333b7e553042b17ea54714b74263f8adda9a68a4bd8c7e219971
  category: main
  optional: false
- name: pyyaml
  version: 6.0.2
  manager: conda
  platform: linux-64
  dependencies:
    __glibc: '>=2.17,<3.0.a0'
    libgcc: '>=13'
    python: '>=3.10,<3.11.0a0'
    python_abi: 3.10.*
    yaml: '>=0.2.5,<0.3.0a0'
  url: https://conda.anaconda.org/conda-forge/linux-64/pyyaml-6.0.2-py310ha75aee5_1.conda
  hash:
    md5: 0d4c5c76ae5f5aac6f0be419963a19dd
    sha256: bf6002aef0fd9753fa6de54e82307b2d7e67a1d701dba018869471426078d5d1
  category: main
  optional: false
- name: readline
  version: '8.2'
  manager: conda
  platform: linux-64
  dependencies:
    libgcc-ng: '>=12'
    ncurses: '>=6.3,<7.0a0'
  url: https://conda.anaconda.org/conda-forge/linux-64/readline-8.2-h8228510_1.conda
  hash:
    md5: 47d31b792659ce70f470b5c82fdfb7a4
    sha256: 5435cf39d039387fbdc977b0a762357ea909a7694d9528ab40f005e9208744d7
  category: main
  optional: false
- name: requests
  version: 2.32.3
  manager: conda
  platform: linux-64
  dependencies:
    certifi: '>=2017.4.17'
    charset-normalizer: '>=2,<4'
    idna: '>=2.5,<4'
    python: '>=3.8'
    urllib3: '>=1.21.1,<3'
  url: https://conda.anaconda.org/conda-forge/noarch/requests-2.32.3-pyhd8ed1ab_0.conda
  hash:
    md5: 5ede4753180c7a550a443c430dc8ab52
    sha256: 5845ffe82a6fa4d437a2eae1e32a1ad308d7ad349f61e337c0a890fe04c513cc
  category: main
  optional: false
- name: requests-ecp
  version: 0.3.2
  manager: conda
  platform: linux-64
  dependencies:
    lxml: ''
    python: '>=3.6'
    requests: ''
    requests-gssapi: '>=1.2.2'
  url: https://conda.anaconda.org/conda-forge/noarch/requests-ecp-0.3.2-pyhd8ed1ab_0.conda
  hash:
    md5: 2f63e6bfd6bd6c3c1e267e027942730a
    sha256: b98760e2d43a845f9131417cc60187f2688ae82d96f0cb9f0ccc247c555f8a2a
  category: main
  optional: false
- name: requests-gssapi
  version: 1.3.0
  manager: conda
  platform: linux-64
  dependencies:
    python: '>=3.8'
    python-gssapi: ''
    requests: '>=1.1.0'
  url: https://conda.anaconda.org/conda-forge/noarch/requests-gssapi-1.3.0-pyhd8ed1ab_0.conda
  hash:
    md5: cb9a96979b74bd396362389d17319fe4
    sha256: a029f37a86b3ed03b4bd099c64e7fb225c1c0c5d8230a4774bce42d8c8503b62
  category: main
  optional: false
- name: scipy
  version: 1.14.1
  manager: conda
  platform: linux-64
  dependencies:
    __glibc: '>=2.17,<3.0.a0'
    libblas: '>=3.9.0,<4.0a0'
    libcblas: '>=3.9.0,<4.0a0'
    libgcc-ng: '>=13'
    libgfortran-ng: ''
    libgfortran5: '>=13.3.0'
    liblapack: '>=3.9.0,<4.0a0'
    libstdcxx-ng: '>=13'
    numpy: '>=1.23.5'
    python: '>=3.10,<3.11.0a0'
    python_abi: 3.10.*
  url: https://conda.anaconda.org/conda-forge/linux-64/scipy-1.14.1-py310ha3fb0e1_0.conda
  hash:
    md5: dcca3051fda0f861e8111c6368842a28
    sha256: abd577d8a89cb6d4f21ac07bdf9fbc2d105794ed4e1348482d5f3819eea83d09
  category: main
  optional: false
- name: setuptools
  version: 75.1.0
  manager: conda
  platform: linux-64
  dependencies:
    python: '>=3.8'
  url: https://conda.anaconda.org/conda-forge/noarch/setuptools-75.1.0-pyhd8ed1ab_0.conda
  hash:
    md5: d5cd48392c67fb6849ba459c2c2b671f
    sha256: 6725235722095c547edd24275053c615158d6163f396550840aebd6e209e4738
  category: main
  optional: false
- name: six
  version: 1.16.0
  manager: conda
  platform: linux-64
  dependencies:
    python: ''
  url: https://conda.anaconda.org/conda-forge/noarch/six-1.16.0-pyh6c4a22f_0.tar.bz2
  hash:
    md5: e5f25f8dbc060e9a8d912e432202afc2
    sha256: a85c38227b446f42c5b90d9b642f2c0567880c15d72492d8da074a59c8f91dd6
  category: main
  optional: false
- name: tk
  version: 8.6.13
  manager: conda
  platform: linux-64
  dependencies:
    libgcc-ng: '>=12'
    libzlib: '>=1.2.13,<2.0.0a0'
  url: https://conda.anaconda.org/conda-forge/linux-64/tk-8.6.13-noxft_h4845f30_101.conda
  hash:
    md5: d453b98d9c83e71da0741bb0ff4d76bc
    sha256: e0569c9caa68bf476bead1bed3d79650bb080b532c64a4af7d8ca286c08dea4e
  category: main
  optional: false
- name: tqdm
  version: 4.66.5
  manager: conda
  platform: linux-64
  dependencies:
    colorama: ''
    python: '>=3.7'
  url: https://conda.anaconda.org/conda-forge/noarch/tqdm-4.66.5-pyhd8ed1ab_0.conda
  hash:
    md5: c6e94fc2b2ec71ea33fe7c7da259acb4
    sha256: f2384902cef72048b0e9bad5c03d7a843de02ba6bc8618a9ecab6ff81a131312
  category: main
  optional: false
- name: tzdata
  version: 2024b
  manager: conda
  platform: linux-64
  dependencies: {}
  url: https://conda.anaconda.org/conda-forge/noarch/tzdata-2024b-hc8b5060_0.conda
  hash:
    md5: 8ac3367aafb1cc0a068483c580af8015
    sha256: 4fde5c3008bf5d2db82f2b50204464314cc3c91c1d953652f7bd01d9e52aefdf
  category: main
  optional: false
- name: urllib3
  version: 2.2.3
  manager: conda
  platform: linux-64
  dependencies:
    brotli-python: '>=1.0.9'
    h2: '>=4,<5'
    pysocks: '>=1.5.6,<2.0,!=1.5.7'
    python: '>=3.8'
    zstandard: '>=0.18.0'
  url: https://conda.anaconda.org/conda-forge/noarch/urllib3-2.2.3-pyhd8ed1ab_0.conda
  hash:
    md5: 6b55867f385dd762ed99ea687af32a69
    sha256: b6bb34ce41cd93956ad6eeee275ed52390fb3788d6c75e753172ea7ac60b66e5
  category: main
  optional: false
- name: wheel
  version: 0.44.0
  manager: conda
  platform: linux-64
  dependencies:
    python: '>=3.8'
  url: https://conda.anaconda.org/conda-forge/noarch/wheel-0.44.0-pyhd8ed1ab_0.conda
  hash:
    md5: d44e3b085abcaef02983c6305b84b584
    sha256: d828764736babb4322b8102094de38074dedfc71f5ff405c9dfee89191c14ebc
  category: main
  optional: false
- name: xz
  version: 5.2.6
  manager: conda
  platform: linux-64
  dependencies:
    libgcc-ng: '>=12'
  url: https://conda.anaconda.org/conda-forge/linux-64/xz-5.2.6-h166bdaf_0.tar.bz2
  hash:
    md5: 2161070d867d1b1204ea749c8eec4ef0
    sha256: 03a6d28ded42af8a347345f82f3eebdd6807a08526d47899a42d62d319609162
  category: main
  optional: false
- name: yaml
  version: 0.2.5
  manager: conda
  platform: linux-64
  dependencies:
    libgcc-ng: '>=9.4.0'
  url: https://conda.anaconda.org/conda-forge/linux-64/yaml-0.2.5-h7f98852_2.tar.bz2
  hash:
    md5: 4cb3ad778ec2d5a7acbdf254eb1c42ae
    sha256: a4e34c710eeb26945bdbdaba82d3d74f60a78f54a874ec10d373811a5d217535
  category: main
  optional: false
- name: zstandard
  version: 0.23.0
  manager: conda
  platform: linux-64
  dependencies:
    __glibc: '>=2.17,<3.0.a0'
    cffi: '>=1.11'
    libgcc: '>=13'
    python: '>=3.10,<3.11.0a0'
    python_abi: 3.10.*
    zstd: '>=1.5.6,<1.6.0a0'
  url: https://conda.anaconda.org/conda-forge/linux-64/zstandard-0.23.0-py310ha39cb0e_1.conda
  hash:
    md5: f49de34fb99934bf49ab330b5caffd64
    sha256: fcd784735205d6c5f19dcb339f92d2eede9bc42a01ec2c384381ee1b6089d4f6
  category: main
  optional: false
- name: zstd
  version: 1.5.6
  manager: conda
  platform: linux-64
  dependencies:
    libgcc-ng: '>=12'
    libstdcxx-ng: '>=12'
    libzlib: '>=1.2.13,<2.0.0a0'
  url: https://conda.anaconda.org/conda-forge/linux-64/zstd-1.5.6-ha6fb4c9_0.conda
  hash:
    md5: 4d056880988120e29d75bfff282e0f45
    sha256: c558b9cc01d9c1444031bd1ce4b9cff86f9085765f17627a6cd85fc623c8a02b
  category: main
  optional: false
